# THIS IS AN AUTOGENERATED FILE. DO NOT EDIT THIS FILE DIRECTLY.
# yarn lockfile v1


normalize.min.css@^8.0.1:
  version "8.0.1"
  resolved "https://registry.yarnpkg.com/normalize.min.css/-/normalize.min.css-8.0.1.tgz#e386111620d0b74bc128f6b9989c3c8400c7f0a4"
  integrity sha512-y1jnCJVwBiTe4+Ka+bWLFkQ/ItG6csiuKj7ckKoc6G+GtZhq06Bjx0hOwplR5g4p3JXyQWcY702r82tZpoLbKg==
